
Microsoft Visual Studio Solution File, Format Version 12.00
# Visual Studio Version 17
VisualStudioVersion = 17.12.35527.113
MinimumVisualStudioVersion = 10.0.40219.1
Project("{9A19103F-16F7-4668-BE54-9A1E7A4F7556}") = "SFA.DAS.AODP.Jobs", "SFA.DAS.AODP.Jobs\SFA.DAS.AODP.Jobs.csproj", "{6CF40D0B-217E-4368-958C-2B8DD7A0AC51}"
EndProject
Project("{9A19103F-16F7-4668-BE54-9A1E7A4F7556}") = "SFA.DAS.AODP.Infrastructure", "SFA.DAS.AODP.Jobs.Infrastructure\SFA.DAS.AODP.Infrastructure.csproj", "{D91AA284-07FE-4419-ACAF-7FD572BBE37A}"
EndProject
Project("{9A19103F-16F7-4668-BE54-9A1E7A4F7556}") = "SFA.DAS.AODP.Common", "SFA.DAS.AODP.Jobs.Common\SFA.DAS.AODP.Common.csproj", "{EEFB8759-E219-4745-BB9D-94F6382F8915}"
EndProject
Project("{9A19103F-16F7-4668-BE54-9A1E7A4F7556}") = "SFA.DAS.AODP.Models", "SAF.DAS.AODP.Jobs.Models\SFA.DAS.AODP.Models.csproj", "{8B327A78-F73D-4F86-B497-D9E0E9372776}"
EndProject
Project("{2150E333-8FDC-42A3-9474-1A3956D46DE8}") = "Application", "Application", "{44A718FE-DF11-41F3-B1C0-82C4B93AA815}"
EndProject
Project("{2150E333-8FDC-42A3-9474-1A3956D46DE8}") = "Infrastructure", "Infrastructure", "{B753DF42-09EE-4ADF-833E-CA00DE45D800}"
EndProject
Project("{9A19103F-16F7-4668-BE54-9A1E7A4F7556}") = "SFA.DAS.AODP.Jobs.UnitTests", "SFA.DAS.AODP.Jobs.Test\SFA.DAS.AODP.Jobs.UnitTests.csproj", "{3F445990-AC33-48CB-AAA8-28ACACDC7E29}"
EndProject
Project("{2150E333-8FDC-42A3-9474-1A3956D46DE8}") = "Tests", "Tests", "{911445C3-94D5-4A85-BF46-4112888F7422}"
EndProject
Project("{2150E333-8FDC-42A3-9474-1A3956D46DE8}") = "Data", "Data", "{84B77838-6C20-4BFC-B13C-63C3AF6C202F}"
EndProject
Project("{9A19103F-16F7-4668-BE54-9A1E7A4F7556}") = "SFA.DAS.AODP.Data", "SFA.DAS.AODP.Data\SFA.DAS.AODP.Data.csproj", "{C7862209-2901-4FC8-9617-12530974451C}"
EndProject
Global
	GlobalSection(SolutionConfigurationPlatforms) = preSolution
		Debug|Any CPU = Debug|Any CPU
		Release|Any CPU = Release|Any CPU
	EndGlobalSection
	GlobalSection(ProjectConfigurationPlatforms) = postSolution
		{6CF40D0B-217E-4368-958C-2B8DD7A0AC51}.Debug|Any CPU.ActiveCfg = Debug|Any CPU
		{6CF40D0B-217E-4368-958C-2B8DD7A0AC51}.Debug|Any CPU.Build.0 = Debug|Any CPU
		{6CF40D0B-217E-4368-958C-2B8DD7A0AC51}.Release|Any CPU.ActiveCfg = Release|Any CPU
		{6CF40D0B-217E-4368-958C-2B8DD7A0AC51}.Release|Any CPU.Build.0 = Release|Any CPU
		{D91AA284-07FE-4419-ACAF-7FD572BBE37A}.Debug|Any CPU.ActiveCfg = Debug|Any CPU
		{D91AA284-07FE-4419-ACAF-7FD572BBE37A}.Debug|Any CPU.Build.0 = Debug|Any CPU
		{D91AA284-07FE-4419-ACAF-7FD572BBE37A}.Release|Any CPU.ActiveCfg = Release|Any CPU
		{D91AA284-07FE-4419-ACAF-7FD572BBE37A}.Release|Any CPU.Build.0 = Release|Any CPU
		{EEFB8759-E219-4745-BB9D-94F6382F8915}.Debug|Any CPU.ActiveCfg = Debug|Any CPU
		{EEFB8759-E219-4745-BB9D-94F6382F8915}.Debug|Any CPU.Build.0 = Debug|Any CPU
		{EEFB8759-E219-4745-BB9D-94F6382F8915}.Release|Any CPU.ActiveCfg = Release|Any CPU
		{EEFB8759-E219-4745-BB9D-94F6382F8915}.Release|Any CPU.Build.0 = Release|Any CPU
		{8B327A78-F73D-4F86-B497-D9E0E9372776}.Debug|Any CPU.ActiveCfg = Debug|Any CPU
		{8B327A78-F73D-4F86-B497-D9E0E9372776}.Debug|Any CPU.Build.0 = Debug|Any CPU
		{8B327A78-F73D-4F86-B497-D9E0E9372776}.Release|Any CPU.ActiveCfg = Release|Any CPU
		{8B327A78-F73D-4F86-B497-D9E0E9372776}.Release|Any CPU.Build.0 = Release|Any CPU
		{3F445990-AC33-48CB-AAA8-28ACACDC7E29}.Debug|Any CPU.ActiveCfg = Debug|Any CPU
		{3F445990-AC33-48CB-AAA8-28ACACDC7E29}.Debug|Any CPU.Build.0 = Debug|Any CPU
		{3F445990-AC33-48CB-AAA8-28ACACDC7E29}.Release|Any CPU.ActiveCfg = Release|Any CPU
		{3F445990-AC33-48CB-AAA8-28ACACDC7E29}.Release|Any CPU.Build.0 = Release|Any CPU
		{C7862209-2901-4FC8-9617-12530974451C}.Debug|Any CPU.ActiveCfg = Debug|Any CPU
		{C7862209-2901-4FC8-9617-12530974451C}.Debug|Any CPU.Build.0 = Debug|Any CPU
		{C7862209-2901-4FC8-9617-12530974451C}.Release|Any CPU.ActiveCfg = Release|Any CPU
		{C7862209-2901-4FC8-9617-12530974451C}.Release|Any CPU.Build.0 = Release|Any CPU
	EndGlobalSection
	GlobalSection(SolutionProperties) = preSolution
		HideSolutionNode = FALSE
	EndGlobalSection
	GlobalSection(NestedProjects) = preSolution
		{6CF40D0B-217E-4368-958C-2B8DD7A0AC51} = {44A718FE-DF11-41F3-B1C0-82C4B93AA815}
		{D91AA284-07FE-4419-ACAF-7FD572BBE37A} = {B753DF42-09EE-4ADF-833E-CA00DE45D800}
		{EEFB8759-E219-4745-BB9D-94F6382F8915} = {B753DF42-09EE-4ADF-833E-CA00DE45D800}
		{8B327A78-F73D-4F86-B497-D9E0E9372776} = {44A718FE-DF11-41F3-B1C0-82C4B93AA815}
		{3F445990-AC33-48CB-AAA8-28ACACDC7E29} = {911445C3-94D5-4A85-BF46-4112888F7422}
		{C7862209-2901-4FC8-9617-12530974451C} = {84B77838-6C20-4BFC-B13C-63C3AF6C202F}
	EndGlobalSection
	GlobalSection(ExtensibilityGlobals) = postSolution
		SolutionGuid = {E518D54E-A176-42AF-9F9C-D3CD50611E58}
	EndGlobalSection
EndGlobal
